<?xml version="1.0" encoding="utf-8"?>
<Project ToolsVersion="17.0" xmlns="http://schemas.microsoft.com/developer/msbuild/2003">
  <ItemGroup>
    <ClCompile Include="C:\Users\marcu\Desktop\Visual Computing\Assignment2\main.cpp">
      <Filter>Source Files</Filter>
    </ClCompile>
    <ClCompile Include="C:\Users\marcu\Desktop\Visual Computing\Assignment2\Camera.cpp">
      <Filter>Source Files</Filter>
    </ClCompile>
    <ClCompile Include="C:\Users\marcu\Desktop\Visual Computing\Assignment2\Object.cpp">
      <Filter>Source Files</Filter>
    </ClCompile>
    <ClCompile Include="C:\Users\marcu\Desktop\Visual Computing\Assignment2\Quad.cpp">
      <Filter>Source Files</Filter>
    </ClCompile>
    <ClCompile Include="C:\Users\marcu\Desktop\Visual Computing\Assignment2\Shader.cpp">
      <Filter>Source Files</Filter>
    </ClCompile>
    <ClCompile Include="C:\Users\marcu\Desktop\Visual Computing\Assignment2\Scene.cpp">
      <Filter>Source Files</Filter>
    </ClCompile>
    <ClCompile Include="C:\Users\marcu\Desktop\Visual Computing\Assignment2\Texture.cpp">
      <Filter>Source Files</Filter>
    </ClCompile>
    <ClCompile Include="C:\Users\marcu\Desktop\Visual Computing\Assignment2\TextureShader.cpp">
      <Filter>Source Files</Filter>
    </ClCompile>
    <ClCompile Include="C:\Users\marcu\Desktop\Visual Computing\Assignment2\glad\glad_impl.cpp">
      <Filter>Source Files</Filter>
    </ClCompile>
  </ItemGroup>
  <ItemGroup>
    <CustomBuild Include="C:\Users\marcu\Desktop\Visual Computing\Assignment2\CMakeLists.txt" />
  </ItemGroup>
  <ItemGroup>
    <Filter Include="Source Files">
      <UniqueIdentifier>{655660D2-D1F2-3D0A-AE95-DBF8316E80B7}</UniqueIdentifier>
    </Filter>
  </ItemGroup>
</Project>
